
Microsoft Visual Studio Solution File, Format Version 12.00
# Visual Studio Version 16
VisualStudioVersion = 25.0.1703.6
MinimumVisualStudioVersion = 10.0.40219.1
Project("{FAE04EC0-301F-11D3-BF4B-00C04F79EFBC}") = "aspnetrun-microservices", "aspnetrun-microservices\aspnetrun-microservices.csproj", "{BB66A549-31BA-493B-A698-869CB128E1CD}"
EndProject
Global
	GlobalSection(SolutionConfigurationPlatforms) = preSolution
		Debug|Any CPU = Debug|Any CPU
		Release|Any CPU = Release|Any CPU
	EndGlobalSection
	GlobalSection(ProjectConfigurationPlatforms) = postSolution
		{BB66A549-31BA-493B-A698-869CB128E1CD}.Debug|Any CPU.ActiveCfg = Debug|Any CPU
		{BB66A549-31BA-493B-A698-869CB128E1CD}.Debug|Any CPU.Build.0 = Debug|Any CPU
		{BB66A549-31BA-493B-A698-869CB128E1CD}.Release|Any CPU.ActiveCfg = Release|Any CPU
		{BB66A549-31BA-493B-A698-869CB128E1CD}.Release|Any CPU.Build.0 = Release|Any CPU
	EndGlobalSection
	GlobalSection(SolutionProperties) = preSolution
		HideSolutionNode = FALSE
	EndGlobalSection
	GlobalSection(ExtensibilityGlobals) = postSolution
		SolutionGuid = {969AD72E-999E-47AB-83C1-50514738BD78}
	EndGlobalSection
EndGlobal
